
Microsoft Visual Studio Solution File, Format Version 12.00
# Visual Studio Version 17
VisualStudioVersion = 17.14.36127.28 d17.14
MinimumVisualStudioVersion = 10.0.40219.1
Project("{FAE04EC0-301F-11D3-BF4B-00C04F79EFBC}") = "devOpsPuc", "devOpsPuc\devOpsPuc.csproj", "{6DFE3222-C8D2-4FD9-AB15-3F3EA7F9972C}"
EndProject
Global
	GlobalSection(SolutionConfigurationPlatforms) = preSolution
		Debug|Any CPU = Debug|Any CPU
		Release|Any CPU = Release|Any CPU
	EndGlobalSection
	GlobalSection(ProjectConfigurationPlatforms) = postSolution
		{6DFE3222-C8D2-4FD9-AB15-3F3EA7F9972C}.Debug|Any CPU.ActiveCfg = Debug|Any CPU
		{6DFE3222-C8D2-4FD9-AB15-3F3EA7F9972C}.Debug|Any CPU.Build.0 = Debug|Any CPU
		{6DFE3222-C8D2-4FD9-AB15-3F3EA7F9972C}.Release|Any CPU.ActiveCfg = Release|Any CPU
		{6DFE3222-C8D2-4FD9-AB15-3F3EA7F9972C}.Release|Any CPU.Build.0 = Release|Any CPU
	EndGlobalSection
	GlobalSection(SolutionProperties) = preSolution
		HideSolutionNode = FALSE
	EndGlobalSection
	GlobalSection(ExtensibilityGlobals) = postSolution
		SolutionGuid = {A25EEE49-A9C5-48A6-BB50-0758587CB618}
	EndGlobalSection
EndGlobal
